
Microsoft Visual Studio Solution File, Format Version 12.00
# Visual Studio 2013
VisualStudioVersion = 12.0.40629.0
MinimumVisualStudioVersion = 10.0.40219.1
Project("{FAE04EC0-301F-11D3-BF4B-00C04F79EFBC}") = "BinaryTreeAnalyzer", "BinaryTreeAnalyzer\BinaryTreeAnalyzer.csproj", "{F27C3A73-64FF-405C-B4AB-A64473F664DB}"
EndProject
Project("{FAE04EC0-301F-11D3-BF4B-00C04F79EFBC}") = "TestHarness", "TestHarness\TestHarness.csproj", "{387FD615-209B-4C51-B8B2-8E0187395C6F}"
EndProject
Global
	GlobalSection(SolutionConfigurationPlatforms) = preSolution
		Debug|Any CPU = Debug|Any CPU
		Release|Any CPU = Release|Any CPU
	EndGlobalSection
	GlobalSection(ProjectConfigurationPlatforms) = postSolution
		{F27C3A73-64FF-405C-B4AB-A64473F664DB}.Debug|Any CPU.ActiveCfg = Debug|Any CPU
		{F27C3A73-64FF-405C-B4AB-A64473F664DB}.Debug|Any CPU.Build.0 = Debug|Any CPU
		{F27C3A73-64FF-405C-B4AB-A64473F664DB}.Release|Any CPU.ActiveCfg = Release|Any CPU
		{F27C3A73-64FF-405C-B4AB-A64473F664DB}.Release|Any CPU.Build.0 = Release|Any CPU
		{387FD615-209B-4C51-B8B2-8E0187395C6F}.Debug|Any CPU.ActiveCfg = Debug|Any CPU
		{387FD615-209B-4C51-B8B2-8E0187395C6F}.Debug|Any CPU.Build.0 = Debug|Any CPU
		{387FD615-209B-4C51-B8B2-8E0187395C6F}.Release|Any CPU.ActiveCfg = Release|Any CPU
		{387FD615-209B-4C51-B8B2-8E0187395C6F}.Release|Any CPU.Build.0 = Release|Any CPU
	EndGlobalSection
	GlobalSection(SolutionProperties) = preSolution
		HideSolutionNode = FALSE
	EndGlobalSection
EndGlobal
